// !$*UTF8*$!
{
	archiveVersion = 1;
	classes = {
	};
	objectVersion = 46;
	objects = {

/* Begin PBXBuildFile section */
		8840C9BD1D30A61400C501A3 /* HTTPRequestManager.swift in Sources */ = {isa = PBXBuildFile; fileRef = 8840C9BC1D30A61400C501A3 /* HTTPRequestManager.swift */; };
		88440CB51D3DBC8D00829747 /* Calls.swift in Sources */ = {isa = PBXBuildFile; fileRef = 88440CB41D3DBC8D00829747 /* Calls.swift */; };
		884E3C2C1D39A10300FF5B8C /* EndpointCommons.swift in Sources */ = {isa = PBXBuildFile; fileRef = 884E3C2B1D39A10300FF5B8C /* EndpointCommons.swift */; };
		889CB5F01D34273700B74330 /* Freddy.framework in Frameworks */ = {isa = PBXBuildFile; fileRef = 889CB5EF1D34273700B74330 /* Freddy.framework */; };
		889CB5F41D3478DD00B74330 /* AppModels.swift in Sources */ = {isa = PBXBuildFile; fileRef = 889CB5F31D3478DD00B74330 /* AppModels.swift */; };
		889CB5F61D34792600B74330 /* Authorization.swift in Sources */ = {isa = PBXBuildFile; fileRef = 889CB5F51D34792600B74330 /* Authorization.swift */; };
		889CB5F81D34795500B74330 /* Status.swift in Sources */ = {isa = PBXBuildFile; fileRef = 889CB5F71D34795500B74330 /* Status.swift */; };
		88BED13A1D35628D004FB426 /* Consumers.swift in Sources */ = {isa = PBXBuildFile; fileRef = 88BED1391D35628D004FB426 /* Consumers.swift */; };
		88BED13C1D36F7CF004FB426 /* RESTEndpoint.swift in Sources */ = {isa = PBXBuildFile; fileRef = 88BED13B1D36F7CF004FB426 /* RESTEndpoint.swift */; };
		88BED13E1D37046C004FB426 /* Enrollments.swift in Sources */ = {isa = PBXBuildFile; fileRef = 88BED13D1D37046C004FB426 /* Enrollments.swift */; };
		88BED1401D380670004FB426 /* Verifications.swift in Sources */ = {isa = PBXBuildFile; fileRef = 88BED13F1D380670004FB426 /* Verifications.swift */; };
		88BED1421D396829004FB426 /* TestUtilities.swift in Sources */ = {isa = PBXBuildFile; fileRef = 88BED1411D396829004FB426 /* TestUtilities.swift */; };
		88BED1441D3975DF004FB426 /* EndpointAnalysis.swift in Sources */ = {isa = PBXBuildFile; fileRef = 88BED1431D3975DF004FB426 /* EndpointAnalysis.swift */; };
		88DDFE1A1D2ED47800C3C14D /* KnurldSDK.h in Headers */ = {isa = PBXBuildFile; fileRef = 88DDFE191D2ED47800C3C14D /* KnurldSDK.h */; settings = {ATTRIBUTES = (Public, ); }; };
		88DDFE211D2ED47800C3C14D /* KnurldSDK.framework in Frameworks */ = {isa = PBXBuildFile; fileRef = 88DDFE161D2ED47800C3C14D /* KnurldSDK.framework */; };
		88DDFE261D2ED47800C3C14D /* KnurldV1APITests.swift in Sources */ = {isa = PBXBuildFile; fileRef = 88DDFE251D2ED47800C3C14D /* KnurldV1APITests.swift */; };
		88DDFE361D2EE0A500C3C14D /* KnurldAPI.swift in Sources */ = {isa = PBXBuildFile; fileRef = 88DDFE351D2EE0A500C3C14D /* KnurldAPI.swift */; };
		88DDFE381D2EE0F900C3C14D /* TestCredentials.swift in Sources */ = {isa = PBXBuildFile; fileRef = 88DDFE371D2EE0F900C3C14D /* TestCredentials.swift */; };
		88DDFE3A1D2EF99B00C3C14D /* Quick.framework in Frameworks */ = {isa = PBXBuildFile; fileRef = 88DDFE391D2EF99B00C3C14D /* Quick.framework */; };
		88DDFE3C1D2EF9A300C3C14D /* Nimble.framework in Frameworks */ = {isa = PBXBuildFile; fileRef = 88DDFE3B1D2EF9A300C3C14D /* Nimble.framework */; };
/* End PBXBuildFile section */

/* Begin PBXContainerItemProxy section */
		88DDFE221D2ED47800C3C14D /* PBXContainerItemProxy */ = {
			isa = PBXContainerItemProxy;
			containerPortal = 88DDFE0D1D2ED47800C3C14D /* Project object */;
			proxyType = 1;
			remoteGlobalIDString = 88DDFE151D2ED47800C3C14D;
			remoteInfo = KnurldSDK;
		};
/* End PBXContainerItemProxy section */

/* Begin PBXFileReference section */
		8840C9BC1D30A61400C501A3 /* HTTPRequestManager.swift */ = {isa = PBXFileReference; fileEncoding = 4; lastKnownFileType = sourcecode.swift; path = HTTPRequestManager.swift; sourceTree = "<group>"; };
		88440CB41D3DBC8D00829747 /* Calls.swift */ = {isa = PBXFileReference; fileEncoding = 4; lastKnownFileType = sourcecode.swift; path = Calls.swift; sourceTree = "<group>"; };
		884E3C2B1D39A10300FF5B8C /* EndpointCommons.swift */ = {isa = PBXFileReference; fileEncoding = 4; lastKnownFileType = sourcecode.swift; path = EndpointCommons.swift; sourceTree = "<group>"; };
		889CB5EF1D34273700B74330 /* Freddy.framework */ = {isa = PBXFileReference; lastKnownFileType = wrapper.framework; name = Freddy.framework; path = "Carthage/Checkouts/Freddy/build/Debug-iphoneos/Freddy.framework"; sourceTree = "<group>"; };
		889CB5F31D3478DD00B74330 /* AppModels.swift */ = {isa = PBXFileReference; fileEncoding = 4; lastKnownFileType = sourcecode.swift; path = AppModels.swift; sourceTree = "<group>"; };
		889CB5F51D34792600B74330 /* Authorization.swift */ = {isa = PBXFileReference; fileEncoding = 4; lastKnownFileType = sourcecode.swift; path = Authorization.swift; sourceTree = "<group>"; };
		889CB5F71D34795500B74330 /* Status.swift */ = {isa = PBXFileReference; fileEncoding = 4; lastKnownFileType = sourcecode.swift; path = Status.swift; sourceTree = "<group>"; };
		88BED1391D35628D004FB426 /* Consumers.swift */ = {isa = PBXFileReference; fileEncoding = 4; lastKnownFileType = sourcecode.swift; path = Consumers.swift; sourceTree = "<group>"; };
		88BED13B1D36F7CF004FB426 /* RESTEndpoint.swift */ = {isa = PBXFileReference; fileEncoding = 4; lastKnownFileType = sourcecode.swift; path = RESTEndpoint.swift; sourceTree = "<group>"; };
		88BED13D1D37046C004FB426 /* Enrollments.swift */ = {isa = PBXFileReference; fileEncoding = 4; lastKnownFileType = sourcecode.swift; path = Enrollments.swift; sourceTree = "<group>"; };
		88BED13F1D380670004FB426 /* Verifications.swift */ = {isa = PBXFileReference; fileEncoding = 4; lastKnownFileType = sourcecode.swift; path = Verifications.swift; sourceTree = "<group>"; };
		88BED1411D396829004FB426 /* TestUtilities.swift */ = {isa = PBXFileReference; fileEncoding = 4; lastKnownFileType = sourcecode.swift; path = TestUtilities.swift; sourceTree = "<group>"; };
		88BED1431D3975DF004FB426 /* EndpointAnalysis.swift */ = {isa = PBXFileReference; fileEncoding = 4; lastKnownFileType = sourcecode.swift; path = EndpointAnalysis.swift; sourceTree = "<group>"; };
		88DDFE161D2ED47800C3C14D /* KnurldSDK.framework */ = {isa = PBXFileReference; explicitFileType = wrapper.framework; includeInIndex = 0; path = KnurldSDK.framework; sourceTree = BUILT_PRODUCTS_DIR; };
		88DDFE191D2ED47800C3C14D /* KnurldSDK.h */ = {isa = PBXFileReference; lastKnownFileType = sourcecode.c.h; path = KnurldSDK.h; sourceTree = "<group>"; };
		88DDFE1B1D2ED47800C3C14D /* Info.plist */ = {isa = PBXFileReference; lastKnownFileType = text.plist.xml; path = Info.plist; sourceTree = "<group>"; };
		88DDFE201D2ED47800C3C14D /* KnurldSDKTests.xctest */ = {isa = PBXFileReference; explicitFileType = wrapper.cfbundle; includeInIndex = 0; path = KnurldSDKTests.xctest; sourceTree = BUILT_PRODUCTS_DIR; };
		88DDFE251D2ED47800C3C14D /* KnurldV1APITests.swift */ = {isa = PBXFileReference; lastKnownFileType = sourcecode.swift; path = KnurldV1APITests.swift; sourceTree = "<group>"; };
		88DDFE271D2ED47800C3C14D /* Info.plist */ = {isa = PBXFileReference; lastKnownFileType = text.plist.xml; path = Info.plist; sourceTree = "<group>"; };
		88DDFE351D2EE0A500C3C14D /* KnurldAPI.swift */ = {isa = PBXFileReference; fileEncoding = 4; lastKnownFileType = sourcecode.swift; path = KnurldAPI.swift; sourceTree = "<group>"; };
		88DDFE371D2EE0F900C3C14D /* TestCredentials.swift */ = {isa = PBXFileReference; fileEncoding = 4; lastKnownFileType = sourcecode.swift; path = TestCredentials.swift; sourceTree = "<group>"; };
		88DDFE391D2EF99B00C3C14D /* Quick.framework */ = {isa = PBXFileReference; lastKnownFileType = wrapper.framework; name = Quick.framework; path = "Carthage/Checkouts/Quick/build/Debug-iphoneos/Quick.framework"; sourceTree = "<group>"; };
		88DDFE3B1D2EF9A300C3C14D /* Nimble.framework */ = {isa = PBXFileReference; lastKnownFileType = wrapper.framework; name = Nimble.framework; path = "Carthage/Checkouts/Nimble/build/Debug-iphoneos/Nimble.framework"; sourceTree = "<group>"; };
/* End PBXFileReference section */

/* Begin PBXFrameworksBuildPhase section */
		88DDFE121D2ED47800C3C14D /* Frameworks */ = {
			isa = PBXFrameworksBuildPhase;
			buildActionMask = 2147483647;
			files = (
				889CB5F01D34273700B74330 /* Freddy.framework in Frameworks */,
			);
			runOnlyForDeploymentPostprocessing = 0;
		};
		88DDFE1D1D2ED47800C3C14D /* Frameworks */ = {
			isa = PBXFrameworksBuildPhase;
			buildActionMask = 2147483647;
			files = (
				88DDFE3C1D2EF9A300C3C14D /* Nimble.framework in Frameworks */,
				88DDFE3A1D2EF99B00C3C14D /* Quick.framework in Frameworks */,
				88DDFE211D2ED47800C3C14D /* KnurldSDK.framework in Frameworks */,
			);
			runOnlyForDeploymentPostprocessing = 0;
		};
/* End PBXFrameworksBuildPhase section */

/* Begin PBXGroup section */
		884E3C2A1D39A0C700FF5B8C /* Endpoints */ = {
			isa = PBXGroup;
			children = (
				88BED13B1D36F7CF004FB426 /* RESTEndpoint.swift */,
				884E3C2B1D39A10300FF5B8C /* EndpointCommons.swift */,
				889CB5F51D34792600B74330 /* Authorization.swift */,
				889CB5F71D34795500B74330 /* Status.swift */,
				889CB5F31D3478DD00B74330 /* AppModels.swift */,
				88BED1391D35628D004FB426 /* Consumers.swift */,
				88BED13D1D37046C004FB426 /* Enrollments.swift */,
				88BED13F1D380670004FB426 /* Verifications.swift */,
				88440CB41D3DBC8D00829747 /* Calls.swift */,
				88BED1431D3975DF004FB426 /* EndpointAnalysis.swift */,
			);
			name = Endpoints;
			sourceTree = "<group>";
		};
		88DDFE0C1D2ED47800C3C14D = {
			isa = PBXGroup;
			children = (
				88DDFE341D2ED67A00C3C14D /* Frameworks */,
				88DDFE181D2ED47800C3C14D /* KnurldSDK */,
				88DDFE241D2ED47800C3C14D /* KnurldSDKTests */,
				88DDFE171D2ED47800C3C14D /* Products */,
			);
			sourceTree = "<group>";
		};
		88DDFE171D2ED47800C3C14D /* Products */ = {
			isa = PBXGroup;
			children = (
				88DDFE161D2ED47800C3C14D /* KnurldSDK.framework */,
				88DDFE201D2ED47800C3C14D /* KnurldSDKTests.xctest */,
			);
			name = Products;
			sourceTree = "<group>";
		};
		88DDFE181D2ED47800C3C14D /* KnurldSDK */ = {
			isa = PBXGroup;
			children = (
				88DDFE191D2ED47800C3C14D /* KnurldSDK.h */,
				88DDFE1B1D2ED47800C3C14D /* Info.plist */,
				88DDFE351D2EE0A500C3C14D /* KnurldAPI.swift */,
				884E3C2A1D39A0C700FF5B8C /* Endpoints */,
				8840C9BC1D30A61400C501A3 /* HTTPRequestManager.swift */,
			);
			path = KnurldSDK;
			sourceTree = "<group>";
		};
		88DDFE241D2ED47800C3C14D /* KnurldSDKTests */ = {
			isa = PBXGroup;
			children = (
				88DDFE251D2ED47800C3C14D /* KnurldV1APITests.swift */,
				88BED1411D396829004FB426 /* TestUtilities.swift */,
				88DDFE271D2ED47800C3C14D /* Info.plist */,
				88DDFE371D2EE0F900C3C14D /* TestCredentials.swift */,
			);
			path = KnurldSDKTests;
			sourceTree = "<group>";
		};
		88DDFE341D2ED67A00C3C14D /* Frameworks */ = {
			isa = PBXGroup;
			children = (
				889CB5EF1D34273700B74330 /* Freddy.framework */,
				88DDFE3B1D2EF9A300C3C14D /* Nimble.framework */,
				88DDFE391D2EF99B00C3C14D /* Quick.framework */,
			);
			name = Frameworks;
			sourceTree = "<group>";
		};
/* End PBXGroup section */

/* Begin PBXHeadersBuildPhase section */
		88DDFE131D2ED47800C3C14D /* Headers */ = {
			isa = PBXHeadersBuildPhase;
			buildActionMask = 2147483647;
			files = (
				88DDFE1A1D2ED47800C3C14D /* KnurldSDK.h in Headers */,
			);
			runOnlyForDeploymentPostprocessing = 0;
		};
/* End PBXHeadersBuildPhase section */

/* Begin PBXNativeTarget section */
		88DDFE151D2ED47800C3C14D /* KnurldSDK */ = {
			isa = PBXNativeTarget;
			buildConfigurationList = 88DDFE2A1D2ED47800C3C14D /* Build configuration list for PBXNativeTarget "KnurldSDK" */;
			buildPhases = (
				88DDFE111D2ED47800C3C14D /* Sources */,
				88DDFE121D2ED47800C3C14D /* Frameworks */,
				88DDFE131D2ED47800C3C14D /* Headers */,
				88DDFE141D2ED47800C3C14D /* Resources */,
			);
			buildRules = (
			);
			dependencies = (
			);
			name = KnurldSDK;
			productName = KnurldSDK;
			productReference = 88DDFE161D2ED47800C3C14D /* KnurldSDK.framework */;
			productType = "com.apple.product-type.framework";
		};
		88DDFE1F1D2ED47800C3C14D /* KnurldSDKTests */ = {
			isa = PBXNativeTarget;
			buildConfigurationList = 88DDFE2D1D2ED47900C3C14D /* Build configuration list for PBXNativeTarget "KnurldSDKTests" */;
			buildPhases = (
				88DDFE1C1D2ED47800C3C14D /* Sources */,
				88DDFE1D1D2ED47800C3C14D /* Frameworks */,
				88DDFE1E1D2ED47800C3C14D /* Resources */,
			);
			buildRules = (
			);
			dependencies = (
				88DDFE231D2ED47800C3C14D /* PBXTargetDependency */,
			);
			name = KnurldSDKTests;
			productName = KnurldSDKTests;
			productReference = 88DDFE201D2ED47800C3C14D /* KnurldSDKTests.xctest */;
			productType = "com.apple.product-type.bundle.unit-test";
		};
/* End PBXNativeTarget section */

/* Begin PBXProject section */
		88DDFE0D1D2ED47800C3C14D /* Project object */ = {
			isa = PBXProject;
			attributes = {
				LastSwiftUpdateCheck = 0730;
				LastUpgradeCheck = 0730;
				ORGANIZATIONNAME = Knurld;
				TargetAttributes = {
					88DDFE151D2ED47800C3C14D = {
						CreatedOnToolsVersion = 7.3.1;
						DevelopmentTeam = T7LS6BDW4A;
					};
					88DDFE1F1D2ED47800C3C14D = {
						CreatedOnToolsVersion = 7.3.1;
					};
				};
			};
			buildConfigurationList = 88DDFE101D2ED47800C3C14D /* Build configuration list for PBXProject "KnurldSDK" */;
			compatibilityVersion = "Xcode 3.2";
			developmentRegion = English;
			hasScannedForEncodings = 0;
			knownRegions = (
				en,
			);
			mainGroup = 88DDFE0C1D2ED47800C3C14D;
			productRefGroup = 88DDFE171D2ED47800C3C14D /* Products */;
			projectDirPath = "";
			projectRoot = "";
			targets = (
				88DDFE151D2ED47800C3C14D /* KnurldSDK */,
				88DDFE1F1D2ED47800C3C14D /* KnurldSDKTests */,
			);
		};
/* End PBXProject section */

/* Begin PBXResourcesBuildPhase section */
		88DDFE141D2ED47800C3C14D /* Resources */ = {
			isa = PBXResourcesBuildPhase;
			buildActionMask = 2147483647;
			files = (
			);
			runOnlyForDeploymentPostprocessing = 0;
		};
		88DDFE1E1D2ED47800C3C14D /* Resources */ = {
			isa = PBXResourcesBuildPhase;
			buildActionMask = 2147483647;
			files = (
			);
			runOnlyForDeploymentPostprocessing = 0;
		};
/* End PBXResourcesBuildPhase section */

/* Begin PBXSourcesBuildPhase section */
		88DDFE111D2ED47800C3C14D /* Sources */ = {
			isa = PBXSourcesBuildPhase;
			buildActionMask = 2147483647;
			files = (
				88BED13C1D36F7CF004FB426 /* RESTEndpoint.swift in Sources */,
				88DDFE361D2EE0A500C3C14D /* KnurldAPI.swift in Sources */,
				8840C9BD1D30A61400C501A3 /* HTTPRequestManager.swift in Sources */,
				889CB5F41D3478DD00B74330 /* AppModels.swift in Sources */,
				889CB5F61D34792600B74330 /* Authorization.swift in Sources */,
				884E3C2C1D39A10300FF5B8C /* EndpointCommons.swift in Sources */,
				889CB5F81D34795500B74330 /* Status.swift in Sources */,
				88BED1401D380670004FB426 /* Verifications.swift in Sources */,
				88BED13A1D35628D004FB426 /* Consumers.swift in Sources */,
				88440CB51D3DBC8D00829747 /* Calls.swift in Sources */,
				88BED1441D3975DF004FB426 /* EndpointAnalysis.swift in Sources */,
				88BED13E1D37046C004FB426 /* Enrollments.swift in Sources */,
			);
			runOnlyForDeploymentPostprocessing = 0;
		};
		88DDFE1C1D2ED47800C3C14D /* Sources */ = {
			isa = PBXSourcesBuildPhase;
			buildActionMask = 2147483647;
			files = (
				88BED1421D396829004FB426 /* TestUtilities.swift in Sources */,
				88DDFE381D2EE0F900C3C14D /* TestCredentials.swift in Sources */,
				88DDFE261D2ED47800C3C14D /* KnurldV1APITests.swift in Sources */,
			);
			runOnlyForDeploymentPostprocessing = 0;
		};
/* End PBXSourcesBuildPhase section */

/* Begin PBXTargetDependency section */
		88DDFE231D2ED47800C3C14D /* PBXTargetDependency */ = {
			isa = PBXTargetDependency;
			target = 88DDFE151D2ED47800C3C14D /* KnurldSDK */;
			targetProxy = 88DDFE221D2ED47800C3C14D /* PBXContainerItemProxy */;
		};
/* End PBXTargetDependency section */

/* Begin XCBuildConfiguration section */
		88DDFE281D2ED47800C3C14D /* Debug */ = {
			isa = XCBuildConfiguration;
			buildSettings = {
				ALWAYS_SEARCH_USER_PATHS = NO;
				CLANG_ANALYZER_NONNULL = YES;
				CLANG_CXX_LANGUAGE_STANDARD = "gnu++0x";
				CLANG_CXX_LIBRARY = "libc++";
				CLANG_ENABLE_MODULES = YES;
				CLANG_ENABLE_OBJC_ARC = YES;
				CLANG_WARN_BOOL_CONVERSION = YES;
				CLANG_WARN_CONSTANT_CONVERSION = YES;
				CLANG_WARN_DIRECT_OBJC_ISA_USAGE = YES_ERROR;
				CLANG_WARN_EMPTY_BODY = YES;
				CLANG_WARN_ENUM_CONVERSION = YES;
				CLANG_WARN_INT_CONVERSION = YES;
				CLANG_WARN_OBJC_ROOT_CLASS = YES_ERROR;
				CLANG_WARN_UNREACHABLE_CODE = YES;
				CLANG_WARN__DUPLICATE_METHOD_MATCH = YES;
				"CODE_SIGN_IDENTITY[sdk=iphoneos*]" = "iPhone Developer";
				COPY_PHASE_STRIP = NO;
				CURRENT_PROJECT_VERSION = 1;
				DEBUG_INFORMATION_FORMAT = dwarf;
				ENABLE_STRICT_OBJC_MSGSEND = YES;
				ENABLE_TESTABILITY = YES;
				GCC_C_LANGUAGE_STANDARD = gnu99;
				GCC_DYNAMIC_NO_PIC = NO;
				GCC_NO_COMMON_BLOCKS = YES;
				GCC_OPTIMIZATION_LEVEL = 0;
				GCC_PREPROCESSOR_DEFINITIONS = (
					"DEBUG=1",
					"$(inherited)",
				);
				GCC_WARN_64_TO_32_BIT_CONVERSION = YES;
				GCC_WARN_ABOUT_RETURN_TYPE = YES_ERROR;
				GCC_WARN_UNDECLARED_SELECTOR = YES;
				GCC_WARN_UNINITIALIZED_AUTOS = YES_AGGRESSIVE;
				GCC_WARN_UNUSED_FUNCTION = YES;
				GCC_WARN_UNUSED_VARIABLE = YES;
				IPHONEOS_DEPLOYMENT_TARGET = 9.3;
				MTL_ENABLE_DEBUG_INFO = YES;
				ONLY_ACTIVE_ARCH = YES;
				SDKROOT = iphoneos;
				SWIFT_OPTIMIZATION_LEVEL = "-Onone";
				TARGETED_DEVICE_FAMILY = "1,2";
				VERSIONING_SYSTEM = "apple-generic";
				VERSION_INFO_PREFIX = "";
			};
			name = Debug;
		};
		88DDFE291D2ED47800C3C14D /* Release */ = {
			isa = XCBuildConfiguration;
			buildSettings = {
				ALWAYS_SEARCH_USER_PATHS = NO;
				CLANG_ANALYZER_NONNULL = YES;
				CLANG_CXX_LANGUAGE_STANDARD = "gnu++0x";
				CLANG_CXX_LIBRARY = "libc++";
				CLANG_ENABLE_MODULES = YES;
				CLANG_ENABLE_OBJC_ARC = YES;
				CLANG_WARN_BOOL_CONVERSION = YES;
				CLANG_WARN_CONSTANT_CONVERSION = YES;
				CLANG_WARN_DIRECT_OBJC_ISA_USAGE = YES_ERROR;
				CLANG_WARN_EMPTY_BODY = YES;
				CLANG_WARN_ENUM_CONVERSION = YES;
				CLANG_WARN_INT_CONVERSION = YES;
				CLANG_WARN_OBJC_ROOT_CLASS = YES_ERROR;
				CLANG_WARN_UNREACHABLE_CODE = YES;
				CLANG_WARN__DUPLICATE_METHOD_MATCH = YES;
				"CODE_SIGN_IDENTITY[sdk=iphoneos*]" = "iPhone Developer";
				COPY_PHASE_STRIP = NO;
				CURRENT_PROJECT_VERSION = 1;
				DEBUG_INFORMATION_FORMAT = "dwarf-with-dsym";
				ENABLE_NS_ASSERTIONS = NO;
				ENABLE_STRICT_OBJC_MSGSEND = YES;
				GCC_C_LANGUAGE_STANDARD = gnu99;
				GCC_NO_COMMON_BLOCKS = YES;
				GCC_WARN_64_TO_32_BIT_CONVERSION = YES;
				GCC_WARN_ABOUT_RETURN_TYPE = YES_ERROR;
				GCC_WARN_UNDECLARED_SELECTOR = YES;
				GCC_WARN_UNINITIALIZED_AUTOS = YES_AGGRESSIVE;
				GCC_WARN_UNUSED_FUNCTION = YES;
				GCC_WARN_UNUSED_VARIABLE = YES;
				IPHONEOS_DEPLOYMENT_TARGET = 9.3;
				MTL_ENABLE_DEBUG_INFO = NO;
				SDKROOT = iphoneos;
				TARGETED_DEVICE_FAMILY = "1,2";
				VALIDATE_PRODUCT = YES;
				VERSIONING_SYSTEM = "apple-generic";
				VERSION_INFO_PREFIX = "";
			};
			name = Release;
		};
		88DDFE2B1D2ED47800C3C14D /* Debug */ = {
			isa = XCBuildConfiguration;
			buildSettings = {
				CLANG_ENABLE_MODULES = YES;
				CODE_SIGN_IDENTITY = "iPhone Developer";
				"CODE_SIGN_IDENTITY[sdk=iphoneos*]" = "iPhone Developer";
				DEFINES_MODULE = YES;
				DYLIB_COMPATIBILITY_VERSION = 1;
				DYLIB_CURRENT_VERSION = 1;
				DYLIB_INSTALL_NAME_BASE = "@rpath";
				FRAMEWORK_SEARCH_PATHS = "$(inherited)";
				INFOPLIST_FILE = KnurldSDK/Info.plist;
				INSTALL_PATH = "$(LOCAL_LIBRARY_DIR)/Frameworks";
				LD_RUNPATH_SEARCH_PATHS = "$(inherited) @executable_path/Frameworks @loader_path/Frameworks";
				PRODUCT_BUNDLE_IDENTIFIER = io.knurld.KnurldSDK;
				PRODUCT_NAME = "$(TARGET_NAME)";
				PROVISIONING_PROFILE = "";
				SKIP_INSTALL = YES;
				SWIFT_OPTIMIZATION_LEVEL = "-Onone";
			};
			name = Debug;
		};
		88DDFE2C1D2ED47800C3C14D /* Release */ = {
			isa = XCBuildConfiguration;
			buildSettings = {
				CLANG_ENABLE_MODULES = YES;
				CODE_SIGN_IDENTITY = "iPhone Developer";
				"CODE_SIGN_IDENTITY[sdk=iphoneos*]" = "iPhone Developer";
				DEFINES_MODULE = YES;
				DYLIB_COMPATIBILITY_VERSION = 1;
				DYLIB_CURRENT_VERSION = 1;
				DYLIB_INSTALL_NAME_BASE = "@rpath";
				FRAMEWORK_SEARCH_PATHS = "$(inherited)";
				INFOPLIST_FILE = KnurldSDK/Info.plist;
				INSTALL_PATH = "$(LOCAL_LIBRARY_DIR)/Frameworks";
				LD_RUNPATH_SEARCH_PATHS = "$(inherited) @executable_path/Frameworks @loader_path/Frameworks";
				PRODUCT_BUNDLE_IDENTIFIER = io.knurld.KnurldSDK;
				PRODUCT_NAME = "$(TARGET_NAME)";
				PROVISIONING_PROFILE = "";
				SKIP_INSTALL = YES;
			};
			name = Release;
		};
		88DDFE2E1D2ED47900C3C14D /* Debug */ = {
			isa = XCBuildConfiguration;
			buildSettings = {
				INFOPLIST_FILE = KnurldSDKTests/Info.plist;
				LD_RUNPATH_SEARCH_PATHS = "$(inherited) @executable_path/Frameworks @loader_path/Frameworks";
				PRODUCT_BUNDLE_IDENTIFIER = io.knurld.KnurldSDKTests;
				PRODUCT_NAME = "$(TARGET_NAME)";
			};
			name = Debug;
		};
		88DDFE2F1D2ED47900C3C14D /* Release */ = {
			isa = XCBuildConfiguration;
			buildSettings = {
				INFOPLIST_FILE = KnurldSDKTests/Info.plist;
				LD_RUNPATH_SEARCH_PATHS = "$(inherited) @executable_path/Frameworks @loader_path/Frameworks";
				PRODUCT_BUNDLE_IDENTIFIER = io.knurld.KnurldSDKTests;
				PRODUCT_NAME = "$(TARGET_NAME)";
			};
			name = Release;
		};
/* End XCBuildConfiguration section */

/* Begin XCConfigurationList section */
		88DDFE101D2ED47800C3C14D /* Build configuration list for PBXProject "KnurldSDK" */ = {
			isa = XCConfigurationList;
			buildConfigurations = (
				88DDFE281D2ED47800C3C14D /* Debug */,
				88DDFE291D2ED47800C3C14D /* Release */,
			);
			defaultConfigurationIsVisible = 0;
			defaultConfigurationName = Release;
		};
		88DDFE2A1D2ED47800C3C14D /* Build configuration list for PBXNativeTarget "KnurldSDK" */ = {
			isa = XCConfigurationList;
			buildConfigurations = (
				88DDFE2B1D2ED47800C3C14D /* Debug */,
				88DDFE2C1D2ED47800C3C14D /* Release */,
			);
			defaultConfigurationIsVisible = 0;
			defaultConfigurationName = Release;
		};
		88DDFE2D1D2ED47900C3C14D /* Build configuration list for PBXNativeTarget "KnurldSDKTests" */ = {
			isa = XCConfigurationList;
			buildConfigurations = (
				88DDFE2E1D2ED47900C3C14D /* Debug */,
				88DDFE2F1D2ED47900C3C14D /* Release */,
			);
			defaultConfigurationIsVisible = 0;
			defaultConfigurationName = Release;
		};
/* End XCConfigurationList section */
	};
	rootObject = 88DDFE0D1D2ED47800C3C14D /* Project object */;
}
